
Microsoft Visual Studio Solution File, Format Version 12.00
# Visual Studio Version 17
VisualStudioVersion = 17.3.32901.215
MinimumVisualStudioVersion = 10.0.40219.1
Project("{FAE04EC0-301F-11D3-BF4B-00C04F79EFBC}") = "EconomicShop.Web", "EconomicShop\EconomicShop.Web.csproj", "{208261EA-61CD-434D-9AA3-D9446CE41F03}"
EndProject
Project("{FAE04EC0-301F-11D3-BF4B-00C04F79EFBC}") = "EconomicShop.Data", "EconomicShop.Data\EconomicShop.Data.csproj", "{E3A3B068-FE3D-497D-9251-F1407816F3B1}"
EndProject
Project("{FAE04EC0-301F-11D3-BF4B-00C04F79EFBC}") = "EconomicShop.Model", "EconomicShop.Model\EconomicShop.Model.csproj", "{A792C2EB-C80A-4CBD-AFDC-95F3EA341A04}"
EndProject
Project("{FAE04EC0-301F-11D3-BF4B-00C04F79EFBC}") = "EconomicShop.ViewModel", "EconomicShop.ViewModel\EconomicShop.ViewModel.csproj", "{8136CC21-9D40-470E-A623-09E8E9CE3482}"
EndProject
Project("{FAE04EC0-301F-11D3-BF4B-00C04F79EFBC}") = "EconomicShop.Service", "EconomicShop.Service\EconomicShop.Service.csproj", "{290E634C-A411-4F68-AAE8-9F4882BD83FD}"
EndProject
Project("{FAE04EC0-301F-11D3-BF4B-00C04F79EFBC}") = "EconomicShop.Utilities", "EconomicShop.Utilities\EconomicShop.Utilities.csproj", "{3C1C49A2-DD03-440B-B4B3-A969009547AE}"
EndProject
Project("{FAE04EC0-301F-11D3-BF4B-00C04F79EFBC}") = "EconomicShop.Payment", "EconomicShop.Payment\EconomicShop.Payment.csproj", "{52CCB5F3-C33F-49B1-9954-46494500564D}"
EndProject
Global
	GlobalSection(SolutionConfigurationPlatforms) = preSolution
		Debug|Any CPU = Debug|Any CPU
		Release|Any CPU = Release|Any CPU
	EndGlobalSection
	GlobalSection(ProjectConfigurationPlatforms) = postSolution
		{208261EA-61CD-434D-9AA3-D9446CE41F03}.Debug|Any CPU.ActiveCfg = Debug|Any CPU
		{208261EA-61CD-434D-9AA3-D9446CE41F03}.Debug|Any CPU.Build.0 = Debug|Any CPU
		{208261EA-61CD-434D-9AA3-D9446CE41F03}.Release|Any CPU.ActiveCfg = Release|Any CPU
		{208261EA-61CD-434D-9AA3-D9446CE41F03}.Release|Any CPU.Build.0 = Release|Any CPU
		{E3A3B068-FE3D-497D-9251-F1407816F3B1}.Debug|Any CPU.ActiveCfg = Debug|Any CPU
		{E3A3B068-FE3D-497D-9251-F1407816F3B1}.Debug|Any CPU.Build.0 = Debug|Any CPU
		{E3A3B068-FE3D-497D-9251-F1407816F3B1}.Release|Any CPU.ActiveCfg = Release|Any CPU
		{E3A3B068-FE3D-497D-9251-F1407816F3B1}.Release|Any CPU.Build.0 = Release|Any CPU
		{A792C2EB-C80A-4CBD-AFDC-95F3EA341A04}.Debug|Any CPU.ActiveCfg = Debug|Any CPU
		{A792C2EB-C80A-4CBD-AFDC-95F3EA341A04}.Debug|Any CPU.Build.0 = Debug|Any CPU
		{A792C2EB-C80A-4CBD-AFDC-95F3EA341A04}.Release|Any CPU.ActiveCfg = Release|Any CPU
		{A792C2EB-C80A-4CBD-AFDC-95F3EA341A04}.Release|Any CPU.Build.0 = Release|Any CPU
		{8136CC21-9D40-470E-A623-09E8E9CE3482}.Debug|Any CPU.ActiveCfg = Debug|Any CPU
		{8136CC21-9D40-470E-A623-09E8E9CE3482}.Debug|Any CPU.Build.0 = Debug|Any CPU
		{8136CC21-9D40-470E-A623-09E8E9CE3482}.Release|Any CPU.ActiveCfg = Release|Any CPU
		{8136CC21-9D40-470E-A623-09E8E9CE3482}.Release|Any CPU.Build.0 = Release|Any CPU
		{290E634C-A411-4F68-AAE8-9F4882BD83FD}.Debug|Any CPU.ActiveCfg = Debug|Any CPU
		{290E634C-A411-4F68-AAE8-9F4882BD83FD}.Debug|Any CPU.Build.0 = Debug|Any CPU
		{290E634C-A411-4F68-AAE8-9F4882BD83FD}.Release|Any CPU.ActiveCfg = Release|Any CPU
		{290E634C-A411-4F68-AAE8-9F4882BD83FD}.Release|Any CPU.Build.0 = Release|Any CPU
		{3C1C49A2-DD03-440B-B4B3-A969009547AE}.Debug|Any CPU.ActiveCfg = Debug|Any CPU
		{3C1C49A2-DD03-440B-B4B3-A969009547AE}.Debug|Any CPU.Build.0 = Debug|Any CPU
		{3C1C49A2-DD03-440B-B4B3-A969009547AE}.Release|Any CPU.ActiveCfg = Release|Any CPU
		{3C1C49A2-DD03-440B-B4B3-A969009547AE}.Release|Any CPU.Build.0 = Release|Any CPU
		{52CCB5F3-C33F-49B1-9954-46494500564D}.Debug|Any CPU.ActiveCfg = Debug|Any CPU
		{52CCB5F3-C33F-49B1-9954-46494500564D}.Debug|Any CPU.Build.0 = Debug|Any CPU
		{52CCB5F3-C33F-49B1-9954-46494500564D}.Release|Any CPU.ActiveCfg = Release|Any CPU
		{52CCB5F3-C33F-49B1-9954-46494500564D}.Release|Any CPU.Build.0 = Release|Any CPU
	EndGlobalSection
	GlobalSection(SolutionProperties) = preSolution
		HideSolutionNode = FALSE
	EndGlobalSection
	GlobalSection(ExtensibilityGlobals) = postSolution
		SolutionGuid = {CA5BB51C-9C43-427D-9D39-6BDF94C15DFC}
	EndGlobalSection
EndGlobal
